
Microsoft Visual Studio Solution File, Format Version 12.00
# Visual Studio 15
Project("{FAE04EC0-301F-11D3-BF4B-00C04F79EFBC}") = "UnityEngine.TestRunner", "UnityEngine.TestRunner.csproj", "{3EE3E7CF-6805-E298-86C8-5D54DD81BFD2}"
EndProject
Project("{FAE04EC0-301F-11D3-BF4B-00C04F79EFBC}") = "Unity.Mathematics", "Unity.Mathematics.csproj", "{44912812-7686-0843-9605-EEBBB14DA110}"
EndProject
Project("{FAE04EC0-301F-11D3-BF4B-00C04F79EFBC}") = "Unity.2D.Animation.Triangle.Runtime", "Unity.2D.Animation.Triangle.Runtime.csproj", "{10810031-5ACB-5834-ADD6-F6865C7E2842}"
EndProject
Project("{FAE04EC0-301F-11D3-BF4B-00C04F79EFBC}") = "Unity.Timeline", "Unity.Timeline.csproj", "{CD386400-59C2-D3F3-4BDA-380893DA9D57}"
EndProject
Project("{FAE04EC0-301F-11D3-BF4B-00C04F79EFBC}") = "UnityEngine.UI", "UnityEngine.UI.csproj", "{8C7CCFB6-A396-47B6-695B-B21DB8A505E6}"
EndProject
Project("{FAE04EC0-301F-11D3-BF4B-00C04F79EFBC}") = "Unity.TextMeshPro", "Unity.TextMeshPro.csproj", "{5E1D0838-1747-EDEA-BCF6-74C7586E5878}"
EndProject
Project("{FAE04EC0-301F-11D3-BF4B-00C04F79EFBC}") = "Unity.2D.Animation.Runtime", "Unity.2D.Animation.Runtime.csproj", "{71B2D860-15FF-691F-938F-70C756720DAE}"
EndProject
Project("{FAE04EC0-301F-11D3-BF4B-00C04F79EFBC}") = "Unity.2D.IK.Runtime", "Unity.2D.IK.Runtime.csproj", "{F3C2F69D-498C-6959-CB57-3AEC70B9FE8E}"
EndProject
Project("{FAE04EC0-301F-11D3-BF4B-00C04F79EFBC}") = "Unity.2D.SpriteShape.Runtime", "Unity.2D.SpriteShape.Runtime.csproj", "{900EFC00-A290-615E-4FC4-59F8EE656831}"
EndProject
Project("{FAE04EC0-301F-11D3-BF4B-00C04F79EFBC}") = "Unity.2D.PixelPerfect", "Unity.2D.PixelPerfect.csproj", "{B8DFE51E-F625-F1A4-12D3-B23A1C999A27}"
EndProject
Project("{FAE04EC0-301F-11D3-BF4B-00C04F79EFBC}") = "Assembly-CSharp", "Assembly-CSharp.csproj", "{150D1EF0-2188-E866-F923-24CCBCC66956}"
EndProject
Project("{FAE04EC0-301F-11D3-BF4B-00C04F79EFBC}") = "Unity.2D.Common.Runtime", "Unity.2D.Common.Runtime.csproj", "{28AF2674-C0E2-197E-5FD1-1EA87F96D2B1}"
EndProject
Project("{FAE04EC0-301F-11D3-BF4B-00C04F79EFBC}") = "Unity.InternalAPIEngineBridge.001", "Unity.InternalAPIEngineBridge.001.csproj", "{722E87F0-769B-E832-740A-47BD100B2F6D}"
EndProject
Project("{FAE04EC0-301F-11D3-BF4B-00C04F79EFBC}") = "UnityEditor.TestRunner", "UnityEditor.TestRunner.csproj", "{0E967490-3C97-58B0-B641-EE50C01C48D6}"
EndProject
Project("{FAE04EC0-301F-11D3-BF4B-00C04F79EFBC}") = "Unity.PlasticSCM.Editor", "Unity.PlasticSCM.Editor.csproj", "{2AB9ECE4-F19B-8746-3F01-0F29631FC73E}"
EndProject
Project("{FAE04EC0-301F-11D3-BF4B-00C04F79EFBC}") = "UnityEditor.UI", "UnityEditor.UI.csproj", "{519C6103-BC5F-4116-3CD5-2455EDE5B8BC}"
EndProject
Project("{FAE04EC0-301F-11D3-BF4B-00C04F79EFBC}") = "Unity.Services.Core.Editor", "Unity.Services.Core.Editor.csproj", "{0735F163-F7A1-DBA8-31FC-DE59E62D4239}"
EndProject
Project("{FAE04EC0-301F-11D3-BF4B-00C04F79EFBC}") = "Unity.Timeline.Editor", "Unity.Timeline.Editor.csproj", "{F04102C5-8310-14CB-7C64-3DA0CF02D742}"
EndProject
Project("{FAE04EC0-301F-11D3-BF4B-00C04F79EFBC}") = "Unity.VisualStudio.Editor", "Unity.VisualStudio.Editor.csproj", "{DBFEAF41-A84F-F875-33FB-12674B9BF36E}"
EndProject
Project("{FAE04EC0-301F-11D3-BF4B-00C04F79EFBC}") = "Unity.2D.Psdimporter.Editor", "Unity.2D.Psdimporter.Editor.csproj", "{5FE731A6-797D-63CA-8BD9-140593802CAE}"
EndProject
Project("{FAE04EC0-301F-11D3-BF4B-00C04F79EFBC}") = "Unity.2D.Animation.Editor", "Unity.2D.Animation.Editor.csproj", "{89E84D2B-CC6A-B2E7-A8A0-749E34FA73C1}"
EndProject
Project("{FAE04EC0-301F-11D3-BF4B-00C04F79EFBC}") = "Unity.TextMeshPro.Editor", "Unity.TextMeshPro.Editor.csproj", "{CCC87BA8-071B-9432-C40E-BD9B2CA691B1}"
EndProject
Project("{FAE04EC0-301F-11D3-BF4B-00C04F79EFBC}") = "Unity.2D.SpriteShape.Editor", "Unity.2D.SpriteShape.Editor.csproj", "{CA919ABC-2220-DBD1-3740-E3D83D57D9A8}"
EndProject
Project("{FAE04EC0-301F-11D3-BF4B-00C04F79EFBC}") = "Unity.CollabProxy.Editor", "Unity.CollabProxy.Editor.csproj", "{65076E6D-E869-975C-817F-DAD965DEB9D5}"
EndProject
Project("{FAE04EC0-301F-11D3-BF4B-00C04F79EFBC}") = "PsdPlugin", "PsdPlugin.csproj", "{11A0B92C-7FC1-FBF6-DD90-495BCDB74E76}"
EndProject
Project("{FAE04EC0-301F-11D3-BF4B-00C04F79EFBC}") = "Unity.2D.Path.Editor", "Unity.2D.Path.Editor.csproj", "{A9538171-830A-77CE-4006-1D515BFFD0E2}"
EndProject
Project("{FAE04EC0-301F-11D3-BF4B-00C04F79EFBC}") = "Unity.Rider.Editor", "Unity.Rider.Editor.csproj", "{B068210F-A41B-9988-2C49-26C3B9DD085D}"
EndProject
Project("{FAE04EC0-301F-11D3-BF4B-00C04F79EFBC}") = "Unity.2D.IK.Editor", "Unity.2D.IK.Editor.csproj", "{D1271028-89C7-6005-638B-CE848282B1D2}"
EndProject
Project("{FAE04EC0-301F-11D3-BF4B-00C04F79EFBC}") = "Unity.2D.Sprite.Editor", "Unity.2D.Sprite.Editor.csproj", "{35A9E5EF-EF63-DBC6-0A8F-7901E96A15FE}"
EndProject
Project("{FAE04EC0-301F-11D3-BF4B-00C04F79EFBC}") = "Unity.2D.Tilemap.Editor", "Unity.2D.Tilemap.Editor.csproj", "{E344D38B-5A59-0796-A1F7-0548EBC558DD}"
EndProject
Project("{FAE04EC0-301F-11D3-BF4B-00C04F79EFBC}") = "Unity.2D.PixelPerfect.Editor", "Unity.2D.PixelPerfect.Editor.csproj", "{F220736E-E08B-1ADA-E1A9-E75DCD57BD07}"
EndProject
Project("{FAE04EC0-301F-11D3-BF4B-00C04F79EFBC}") = "Unity.VSCode.Editor", "Unity.VSCode.Editor.csproj", "{D6006906-5ADA-2643-B186-FD9C9C983DCF}"
EndProject
Project("{FAE04EC0-301F-11D3-BF4B-00C04F79EFBC}") = "Unity.2D.Common.Editor", "Unity.2D.Common.Editor.csproj", "{DE3E42F5-888B-A4A9-BFE3-459BE47CA99A}"
EndProject
Project("{FAE04EC0-301F-11D3-BF4B-00C04F79EFBC}") = "Unity.Mathematics.Editor", "Unity.Mathematics.Editor.csproj", "{2098BB4C-ED17-9299-FBB3-757E918979BA}"
EndProject
Project("{FAE04EC0-301F-11D3-BF4B-00C04F79EFBC}") = "Unity.InternalAPIEditorBridge.001", "Unity.InternalAPIEditorBridge.001.csproj", "{1B02FB03-BAFD-F83D-6F02-1FD670F6AFF8}"
EndProject
Project("{FAE04EC0-301F-11D3-BF4B-00C04F79EFBC}") = "UnityEngine.TestRunner", "UnityEngine.TestRunner.Player.csproj", "{D6C4AEEE-58E7-EC4F-BE14-8C5D219C88F4}"
EndProject
Project("{FAE04EC0-301F-11D3-BF4B-00C04F79EFBC}") = "Unity.Mathematics", "Unity.Mathematics.Player.csproj", "{6EB6E057-B867-9480-1B2E-309116855F41}"
EndProject
Project("{FAE04EC0-301F-11D3-BF4B-00C04F79EFBC}") = "Unity.2D.Animation.Triangle.Runtime", "Unity.2D.Animation.Triangle.Runtime.Player.csproj", "{91BD61A3-A27A-A865-0E75-F5DC8B343070}"
EndProject
Project("{FAE04EC0-301F-11D3-BF4B-00C04F79EFBC}") = "Unity.Timeline", "Unity.Timeline.Player.csproj", "{39F08563-6BD3-198D-E7DC-C8894DC63478}"
EndProject
Project("{FAE04EC0-301F-11D3-BF4B-00C04F79EFBC}") = "UnityEngine.UI", "UnityEngine.UI.Player.csproj", "{D71DF544-3C1F-3745-C463-71BF468B5617}"
EndProject
Project("{FAE04EC0-301F-11D3-BF4B-00C04F79EFBC}") = "Unity.TextMeshPro", "Unity.TextMeshPro.Player.csproj", "{B8C3AC9B-3895-F5E9-8935-2E072A21F749}"
EndProject
Project("{FAE04EC0-301F-11D3-BF4B-00C04F79EFBC}") = "Unity.2D.Animation.Runtime", "Unity.2D.Animation.Runtime.Player.csproj", "{3E334AC9-7000-50AF-5610-B582A44686B8}"
EndProject
Project("{FAE04EC0-301F-11D3-BF4B-00C04F79EFBC}") = "Unity.2D.IK.Runtime", "Unity.2D.IK.Runtime.Player.csproj", "{37990192-8163-FFFE-C15A-A18209FB1123}"
EndProject
Project("{FAE04EC0-301F-11D3-BF4B-00C04F79EFBC}") = "Unity.2D.SpriteShape.Runtime", "Unity.2D.SpriteShape.Runtime.Player.csproj", "{471CDFAB-B173-C7EB-0F42-E8DE76E3DA31}"
EndProject
Project("{FAE04EC0-301F-11D3-BF4B-00C04F79EFBC}") = "Unity.2D.PixelPerfect", "Unity.2D.PixelPerfect.Player.csproj", "{BD25CAC8-2227-EBCC-2DB8-758BA64023E7}"
EndProject
Project("{FAE04EC0-301F-11D3-BF4B-00C04F79EFBC}") = "Assembly-CSharp", "Assembly-CSharp.Player.csproj", "{028B9C01-B453-938A-4224-5DCFA56A1D7F}"
EndProject
Project("{FAE04EC0-301F-11D3-BF4B-00C04F79EFBC}") = "Unity.2D.Common.Runtime", "Unity.2D.Common.Runtime.Player.csproj", "{8BAB57D8-D22B-1065-DDC2-3AB9272ECFCC}"
EndProject
Project("{FAE04EC0-301F-11D3-BF4B-00C04F79EFBC}") = "Unity.InternalAPIEngineBridge.001", "Unity.InternalAPIEngineBridge.001.Player.csproj", "{F7C62EF6-5712-0694-5843-5878FACD68DD}"
EndProject
Global
	GlobalSection(SolutionConfigurationPlatforms) = preSolution
		Debug|Any CPU = Debug|Any CPU
		Release|Any CPU = Release|Any CPU
	EndGlobalSection
	GlobalSection(ProjectConfigurationPlatforms) = postSolution
		{3EE3E7CF-6805-E298-86C8-5D54DD81BFD2}.Debug|Any CPU.ActiveCfg = Debug|Any CPU
		{3EE3E7CF-6805-E298-86C8-5D54DD81BFD2}.Debug|Any CPU.Build.0 = Debug|Any CPU
		{3EE3E7CF-6805-E298-86C8-5D54DD81BFD2}.Release|Any CPU.ActiveCfg = Release|Any CPU
		{3EE3E7CF-6805-E298-86C8-5D54DD81BFD2}.Release|Any CPU.Build.0 = Release|Any CPU
		{44912812-7686-0843-9605-EEBBB14DA110}.Debug|Any CPU.ActiveCfg = Debug|Any CPU
		{44912812-7686-0843-9605-EEBBB14DA110}.Debug|Any CPU.Build.0 = Debug|Any CPU
		{44912812-7686-0843-9605-EEBBB14DA110}.Release|Any CPU.ActiveCfg = Release|Any CPU
		{44912812-7686-0843-9605-EEBBB14DA110}.Release|Any CPU.Build.0 = Release|Any CPU
		{10810031-5ACB-5834-ADD6-F6865C7E2842}.Debug|Any CPU.ActiveCfg = Debug|Any CPU
		{10810031-5ACB-5834-ADD6-F6865C7E2842}.Debug|Any CPU.Build.0 = Debug|Any CPU
		{10810031-5ACB-5834-ADD6-F6865C7E2842}.Release|Any CPU.ActiveCfg = Release|Any CPU
		{10810031-5ACB-5834-ADD6-F6865C7E2842}.Release|Any CPU.Build.0 = Release|Any CPU
		{CD386400-59C2-D3F3-4BDA-380893DA9D57}.Debug|Any CPU.ActiveCfg = Debug|Any CPU
		{CD386400-59C2-D3F3-4BDA-380893DA9D57}.Debug|Any CPU.Build.0 = Debug|Any CPU
		{CD386400-59C2-D3F3-4BDA-380893DA9D57}.Release|Any CPU.ActiveCfg = Release|Any CPU
		{CD386400-59C2-D3F3-4BDA-380893DA9D57}.Release|Any CPU.Build.0 = Release|Any CPU
		{8C7CCFB6-A396-47B6-695B-B21DB8A505E6}.Debug|Any CPU.ActiveCfg = Debug|Any CPU
		{8C7CCFB6-A396-47B6-695B-B21DB8A505E6}.Debug|Any CPU.Build.0 = Debug|Any CPU
		{8C7CCFB6-A396-47B6-695B-B21DB8A505E6}.Release|Any CPU.ActiveCfg = Release|Any CPU
		{8C7CCFB6-A396-47B6-695B-B21DB8A505E6}.Release|Any CPU.Build.0 = Release|Any CPU
		{5E1D0838-1747-EDEA-BCF6-74C7586E5878}.Debug|Any CPU.ActiveCfg = Debug|Any CPU
		{5E1D0838-1747-EDEA-BCF6-74C7586E5878}.Debug|Any CPU.Build.0 = Debug|Any CPU
		{5E1D0838-1747-EDEA-BCF6-74C7586E5878}.Release|Any CPU.ActiveCfg = Release|Any CPU
		{5E1D0838-1747-EDEA-BCF6-74C7586E5878}.Release|Any CPU.Build.0 = Release|Any CPU
		{71B2D860-15FF-691F-938F-70C756720DAE}.Debug|Any CPU.ActiveCfg = Debug|Any CPU
		{71B2D860-15FF-691F-938F-70C756720DAE}.Debug|Any CPU.Build.0 = Debug|Any CPU
		{71B2D860-15FF-691F-938F-70C756720DAE}.Release|Any CPU.ActiveCfg = Release|Any CPU
		{71B2D860-15FF-691F-938F-70C756720DAE}.Release|Any CPU.Build.0 = Release|Any CPU
		{F3C2F69D-498C-6959-CB57-3AEC70B9FE8E}.Debug|Any CPU.ActiveCfg = Debug|Any CPU
		{F3C2F69D-498C-6959-CB57-3AEC70B9FE8E}.Debug|Any CPU.Build.0 = Debug|Any CPU
		{F3C2F69D-498C-6959-CB57-3AEC70B9FE8E}.Release|Any CPU.ActiveCfg = Release|Any CPU
		{F3C2F69D-498C-6959-CB57-3AEC70B9FE8E}.Release|Any CPU.Build.0 = Release|Any CPU
		{900EFC00-A290-615E-4FC4-59F8EE656831}.Debug|Any CPU.ActiveCfg = Debug|Any CPU
		{900EFC00-A290-615E-4FC4-59F8EE656831}.Debug|Any CPU.Build.0 = Debug|Any CPU
		{900EFC00-A290-615E-4FC4-59F8EE656831}.Release|Any CPU.ActiveCfg = Release|Any CPU
		{900EFC00-A290-615E-4FC4-59F8EE656831}.Release|Any CPU.Build.0 = Release|Any CPU
		{B8DFE51E-F625-F1A4-12D3-B23A1C999A27}.Debug|Any CPU.ActiveCfg = Debug|Any CPU
		{B8DFE51E-F625-F1A4-12D3-B23A1C999A27}.Debug|Any CPU.Build.0 = Debug|Any CPU
		{B8DFE51E-F625-F1A4-12D3-B23A1C999A27}.Release|Any CPU.ActiveCfg = Release|Any CPU
		{B8DFE51E-F625-F1A4-12D3-B23A1C999A27}.Release|Any CPU.Build.0 = Release|Any CPU
		{150D1EF0-2188-E866-F923-24CCBCC66956}.Debug|Any CPU.ActiveCfg = Debug|Any CPU
		{150D1EF0-2188-E866-F923-24CCBCC66956}.Debug|Any CPU.Build.0 = Debug|Any CPU
		{150D1EF0-2188-E866-F923-24CCBCC66956}.Release|Any CPU.ActiveCfg = Release|Any CPU
		{150D1EF0-2188-E866-F923-24CCBCC66956}.Release|Any CPU.Build.0 = Release|Any CPU
		{28AF2674-C0E2-197E-5FD1-1EA87F96D2B1}.Debug|Any CPU.ActiveCfg = Debug|Any CPU
		{28AF2674-C0E2-197E-5FD1-1EA87F96D2B1}.Debug|Any CPU.Build.0 = Debug|Any CPU
		{28AF2674-C0E2-197E-5FD1-1EA87F96D2B1}.Release|Any CPU.ActiveCfg = Release|Any CPU
		{28AF2674-C0E2-197E-5FD1-1EA87F96D2B1}.Release|Any CPU.Build.0 = Release|Any CPU
		{722E87F0-769B-E832-740A-47BD100B2F6D}.Debug|Any CPU.ActiveCfg = Debug|Any CPU
		{722E87F0-769B-E832-740A-47BD100B2F6D}.Debug|Any CPU.Build.0 = Debug|Any CPU
		{722E87F0-769B-E832-740A-47BD100B2F6D}.Release|Any CPU.ActiveCfg = Release|Any CPU
		{722E87F0-769B-E832-740A-47BD100B2F6D}.Release|Any CPU.Build.0 = Release|Any CPU
		{0E967490-3C97-58B0-B641-EE50C01C48D6}.Debug|Any CPU.ActiveCfg = Debug|Any CPU
		{0E967490-3C97-58B0-B641-EE50C01C48D6}.Debug|Any CPU.Build.0 = Debug|Any CPU
		{0E967490-3C97-58B0-B641-EE50C01C48D6}.Release|Any CPU.ActiveCfg = Release|Any CPU
		{0E967490-3C97-58B0-B641-EE50C01C48D6}.Release|Any CPU.Build.0 = Release|Any CPU
		{2AB9ECE4-F19B-8746-3F01-0F29631FC73E}.Debug|Any CPU.ActiveCfg = Debug|Any CPU
		{2AB9ECE4-F19B-8746-3F01-0F29631FC73E}.Debug|Any CPU.Build.0 = Debug|Any CPU
		{2AB9ECE4-F19B-8746-3F01-0F29631FC73E}.Release|Any CPU.ActiveCfg = Release|Any CPU
		{2AB9ECE4-F19B-8746-3F01-0F29631FC73E}.Release|Any CPU.Build.0 = Release|Any CPU
		{519C6103-BC5F-4116-3CD5-2455EDE5B8BC}.Debug|Any CPU.ActiveCfg = Debug|Any CPU
		{519C6103-BC5F-4116-3CD5-2455EDE5B8BC}.Debug|Any CPU.Build.0 = Debug|Any CPU
		{519C6103-BC5F-4116-3CD5-2455EDE5B8BC}.Release|Any CPU.ActiveCfg = Release|Any CPU
		{519C6103-BC5F-4116-3CD5-2455EDE5B8BC}.Release|Any CPU.Build.0 = Release|Any CPU
		{0735F163-F7A1-DBA8-31FC-DE59E62D4239}.Debug|Any CPU.ActiveCfg = Debug|Any CPU
		{0735F163-F7A1-DBA8-31FC-DE59E62D4239}.Debug|Any CPU.Build.0 = Debug|Any CPU
		{0735F163-F7A1-DBA8-31FC-DE59E62D4239}.Release|Any CPU.ActiveCfg = Release|Any CPU
		{0735F163-F7A1-DBA8-31FC-DE59E62D4239}.Release|Any CPU.Build.0 = Release|Any CPU
		{F04102C5-8310-14CB-7C64-3DA0CF02D742}.Debug|Any CPU.ActiveCfg = Debug|Any CPU
		{F04102C5-8310-14CB-7C64-3DA0CF02D742}.Debug|Any CPU.Build.0 = Debug|Any CPU
		{F04102C5-8310-14CB-7C64-3DA0CF02D742}.Release|Any CPU.ActiveCfg = Release|Any CPU
		{F04102C5-8310-14CB-7C64-3DA0CF02D742}.Release|Any CPU.Build.0 = Release|Any CPU
		{DBFEAF41-A84F-F875-33FB-12674B9BF36E}.Debug|Any CPU.ActiveCfg = Debug|Any CPU
		{DBFEAF41-A84F-F875-33FB-12674B9BF36E}.Debug|Any CPU.Build.0 = Debug|Any CPU
		{DBFEAF41-A84F-F875-33FB-12674B9BF36E}.Release|Any CPU.ActiveCfg = Release|Any CPU
		{DBFEAF41-A84F-F875-33FB-12674B9BF36E}.Release|Any CPU.Build.0 = Release|Any CPU
		{5FE731A6-797D-63CA-8BD9-140593802CAE}.Debug|Any CPU.ActiveCfg = Debug|Any CPU
		{5FE731A6-797D-63CA-8BD9-140593802CAE}.Debug|Any CPU.Build.0 = Debug|Any CPU
		{5FE731A6-797D-63CA-8BD9-140593802CAE}.Release|Any CPU.ActiveCfg = Release|Any CPU
		{5FE731A6-797D-63CA-8BD9-140593802CAE}.Release|Any CPU.Build.0 = Release|Any CPU
		{89E84D2B-CC6A-B2E7-A8A0-749E34FA73C1}.Debug|Any CPU.ActiveCfg = Debug|Any CPU
		{89E84D2B-CC6A-B2E7-A8A0-749E34FA73C1}.Debug|Any CPU.Build.0 = Debug|Any CPU
		{89E84D2B-CC6A-B2E7-A8A0-749E34FA73C1}.Release|Any CPU.ActiveCfg = Release|Any CPU
		{89E84D2B-CC6A-B2E7-A8A0-749E34FA73C1}.Release|Any CPU.Build.0 = Release|Any CPU
		{CCC87BA8-071B-9432-C40E-BD9B2CA691B1}.Debug|Any CPU.ActiveCfg = Debug|Any CPU
		{CCC87BA8-071B-9432-C40E-BD9B2CA691B1}.Debug|Any CPU.Build.0 = Debug|Any CPU
		{CCC87BA8-071B-9432-C40E-BD9B2CA691B1}.Release|Any CPU.ActiveCfg = Release|Any CPU
		{CCC87BA8-071B-9432-C40E-BD9B2CA691B1}.Release|Any CPU.Build.0 = Release|Any CPU
		{CA919ABC-2220-DBD1-3740-E3D83D57D9A8}.Debug|Any CPU.ActiveCfg = Debug|Any CPU
		{CA919ABC-2220-DBD1-3740-E3D83D57D9A8}.Debug|Any CPU.Build.0 = Debug|Any CPU
		{CA919ABC-2220-DBD1-3740-E3D83D57D9A8}.Release|Any CPU.ActiveCfg = Release|Any CPU
		{CA919ABC-2220-DBD1-3740-E3D83D57D9A8}.Release|Any CPU.Build.0 = Release|Any CPU
		{65076E6D-E869-975C-817F-DAD965DEB9D5}.Debug|Any CPU.ActiveCfg = Debug|Any CPU
		{65076E6D-E869-975C-817F-DAD965DEB9D5}.Debug|Any CPU.Build.0 = Debug|Any CPU
		{65076E6D-E869-975C-817F-DAD965DEB9D5}.Release|Any CPU.ActiveCfg = Release|Any CPU
		{65076E6D-E869-975C-817F-DAD965DEB9D5}.Release|Any CPU.Build.0 = Release|Any CPU
		{11A0B92C-7FC1-FBF6-DD90-495BCDB74E76}.Debug|Any CPU.ActiveCfg = Debug|Any CPU
		{11A0B92C-7FC1-FBF6-DD90-495BCDB74E76}.Debug|Any CPU.Build.0 = Debug|Any CPU
		{11A0B92C-7FC1-FBF6-DD90-495BCDB74E76}.Release|Any CPU.ActiveCfg = Release|Any CPU
		{11A0B92C-7FC1-FBF6-DD90-495BCDB74E76}.Release|Any CPU.Build.0 = Release|Any CPU
		{A9538171-830A-77CE-4006-1D515BFFD0E2}.Debug|Any CPU.ActiveCfg = Debug|Any CPU
		{A9538171-830A-77CE-4006-1D515BFFD0E2}.Debug|Any CPU.Build.0 = Debug|Any CPU
		{A9538171-830A-77CE-4006-1D515BFFD0E2}.Release|Any CPU.ActiveCfg = Release|Any CPU
		{A9538171-830A-77CE-4006-1D515BFFD0E2}.Release|Any CPU.Build.0 = Release|Any CPU
		{B068210F-A41B-9988-2C49-26C3B9DD085D}.Debug|Any CPU.ActiveCfg = Debug|Any CPU
		{B068210F-A41B-9988-2C49-26C3B9DD085D}.Debug|Any CPU.Build.0 = Debug|Any CPU
		{B068210F-A41B-9988-2C49-26C3B9DD085D}.Release|Any CPU.ActiveCfg = Release|Any CPU
		{B068210F-A41B-9988-2C49-26C3B9DD085D}.Release|Any CPU.Build.0 = Release|Any CPU
		{D1271028-89C7-6005-638B-CE848282B1D2}.Debug|Any CPU.ActiveCfg = Debug|Any CPU
		{D1271028-89C7-6005-638B-CE848282B1D2}.Debug|Any CPU.Build.0 = Debug|Any CPU
		{D1271028-89C7-6005-638B-CE848282B1D2}.Release|Any CPU.ActiveCfg = Release|Any CPU
		{D1271028-89C7-6005-638B-CE848282B1D2}.Release|Any CPU.Build.0 = Release|Any CPU
		{35A9E5EF-EF63-DBC6-0A8F-7901E96A15FE}.Debug|Any CPU.ActiveCfg = Debug|Any CPU
		{35A9E5EF-EF63-DBC6-0A8F-7901E96A15FE}.Debug|Any CPU.Build.0 = Debug|Any CPU
		{35A9E5EF-EF63-DBC6-0A8F-7901E96A15FE}.Release|Any CPU.ActiveCfg = Release|Any CPU
		{35A9E5EF-EF63-DBC6-0A8F-7901E96A15FE}.Release|Any CPU.Build.0 = Release|Any CPU
		{E344D38B-5A59-0796-A1F7-0548EBC558DD}.Debug|Any CPU.ActiveCfg = Debug|Any CPU
		{E344D38B-5A59-0796-A1F7-0548EBC558DD}.Debug|Any CPU.Build.0 = Debug|Any CPU
		{E344D38B-5A59-0796-A1F7-0548EBC558DD}.Release|Any CPU.ActiveCfg = Release|Any CPU
		{E344D38B-5A59-0796-A1F7-0548EBC558DD}.Release|Any CPU.Build.0 = Release|Any CPU
		{F220736E-E08B-1ADA-E1A9-E75DCD57BD07}.Debug|Any CPU.ActiveCfg = Debug|Any CPU
		{F220736E-E08B-1ADA-E1A9-E75DCD57BD07}.Debug|Any CPU.Build.0 = Debug|Any CPU
		{F220736E-E08B-1ADA-E1A9-E75DCD57BD07}.Release|Any CPU.ActiveCfg = Release|Any CPU
		{F220736E-E08B-1ADA-E1A9-E75DCD57BD07}.Release|Any CPU.Build.0 = Release|Any CPU
		{D6006906-5ADA-2643-B186-FD9C9C983DCF}.Debug|Any CPU.ActiveCfg = Debug|Any CPU
		{D6006906-5ADA-2643-B186-FD9C9C983DCF}.Debug|Any CPU.Build.0 = Debug|Any CPU
		{D6006906-5ADA-2643-B186-FD9C9C983DCF}.Release|Any CPU.ActiveCfg = Release|Any CPU
		{D6006906-5ADA-2643-B186-FD9C9C983DCF}.Release|Any CPU.Build.0 = Release|Any CPU
		{DE3E42F5-888B-A4A9-BFE3-459BE47CA99A}.Debug|Any CPU.ActiveCfg = Debug|Any CPU
		{DE3E42F5-888B-A4A9-BFE3-459BE47CA99A}.Debug|Any CPU.Build.0 = Debug|Any CPU
		{DE3E42F5-888B-A4A9-BFE3-459BE47CA99A}.Release|Any CPU.ActiveCfg = Release|Any CPU
		{DE3E42F5-888B-A4A9-BFE3-459BE47CA99A}.Release|Any CPU.Build.0 = Release|Any CPU
		{2098BB4C-ED17-9299-FBB3-757E918979BA}.Debug|Any CPU.ActiveCfg = Debug|Any CPU
		{2098BB4C-ED17-9299-FBB3-757E918979BA}.Debug|Any CPU.Build.0 = Debug|Any CPU
		{2098BB4C-ED17-9299-FBB3-757E918979BA}.Release|Any CPU.ActiveCfg = Release|Any CPU
		{2098BB4C-ED17-9299-FBB3-757E918979BA}.Release|Any CPU.Build.0 = Release|Any CPU
		{1B02FB03-BAFD-F83D-6F02-1FD670F6AFF8}.Debug|Any CPU.ActiveCfg = Debug|Any CPU
		{1B02FB03-BAFD-F83D-6F02-1FD670F6AFF8}.Debug|Any CPU.Build.0 = Debug|Any CPU
		{1B02FB03-BAFD-F83D-6F02-1FD670F6AFF8}.Release|Any CPU.ActiveCfg = Release|Any CPU
		{1B02FB03-BAFD-F83D-6F02-1FD670F6AFF8}.Release|Any CPU.Build.0 = Release|Any CPU
		{D6C4AEEE-58E7-EC4F-BE14-8C5D219C88F4}.Debug|Any CPU.ActiveCfg = Debug|Any CPU
		{D6C4AEEE-58E7-EC4F-BE14-8C5D219C88F4}.Debug|Any CPU.Build.0 = Debug|Any CPU
		{D6C4AEEE-58E7-EC4F-BE14-8C5D219C88F4}.Release|Any CPU.ActiveCfg = Release|Any CPU
		{D6C4AEEE-58E7-EC4F-BE14-8C5D219C88F4}.Release|Any CPU.Build.0 = Release|Any CPU
		{6EB6E057-B867-9480-1B2E-309116855F41}.Debug|Any CPU.ActiveCfg = Debug|Any CPU
		{6EB6E057-B867-9480-1B2E-309116855F41}.Debug|Any CPU.Build.0 = Debug|Any CPU
		{6EB6E057-B867-9480-1B2E-309116855F41}.Release|Any CPU.ActiveCfg = Release|Any CPU
		{6EB6E057-B867-9480-1B2E-309116855F41}.Release|Any CPU.Build.0 = Release|Any CPU
		{91BD61A3-A27A-A865-0E75-F5DC8B343070}.Debug|Any CPU.ActiveCfg = Debug|Any CPU
		{91BD61A3-A27A-A865-0E75-F5DC8B343070}.Debug|Any CPU.Build.0 = Debug|Any CPU
		{91BD61A3-A27A-A865-0E75-F5DC8B343070}.Release|Any CPU.ActiveCfg = Release|Any CPU
		{91BD61A3-A27A-A865-0E75-F5DC8B343070}.Release|Any CPU.Build.0 = Release|Any CPU
		{39F08563-6BD3-198D-E7DC-C8894DC63478}.Debug|Any CPU.ActiveCfg = Debug|Any CPU
		{39F08563-6BD3-198D-E7DC-C8894DC63478}.Debug|Any CPU.Build.0 = Debug|Any CPU
		{39F08563-6BD3-198D-E7DC-C8894DC63478}.Release|Any CPU.ActiveCfg = Release|Any CPU
		{39F08563-6BD3-198D-E7DC-C8894DC63478}.Release|Any CPU.Build.0 = Release|Any CPU
		{D71DF544-3C1F-3745-C463-71BF468B5617}.Debug|Any CPU.ActiveCfg = Debug|Any CPU
		{D71DF544-3C1F-3745-C463-71BF468B5617}.Debug|Any CPU.Build.0 = Debug|Any CPU
		{D71DF544-3C1F-3745-C463-71BF468B5617}.Release|Any CPU.ActiveCfg = Release|Any CPU
		{D71DF544-3C1F-3745-C463-71BF468B5617}.Release|Any CPU.Build.0 = Release|Any CPU
		{B8C3AC9B-3895-F5E9-8935-2E072A21F749}.Debug|Any CPU.ActiveCfg = Debug|Any CPU
		{B8C3AC9B-3895-F5E9-8935-2E072A21F749}.Debug|Any CPU.Build.0 = Debug|Any CPU
		{B8C3AC9B-3895-F5E9-8935-2E072A21F749}.Release|Any CPU.ActiveCfg = Release|Any CPU
		{B8C3AC9B-3895-F5E9-8935-2E072A21F749}.Release|Any CPU.Build.0 = Release|Any CPU
		{3E334AC9-7000-50AF-5610-B582A44686B8}.Debug|Any CPU.ActiveCfg = Debug|Any CPU
		{3E334AC9-7000-50AF-5610-B582A44686B8}.Debug|Any CPU.Build.0 = Debug|Any CPU
		{3E334AC9-7000-50AF-5610-B582A44686B8}.Release|Any CPU.ActiveCfg = Release|Any CPU
		{3E334AC9-7000-50AF-5610-B582A44686B8}.Release|Any CPU.Build.0 = Release|Any CPU
		{37990192-8163-FFFE-C15A-A18209FB1123}.Debug|Any CPU.ActiveCfg = Debug|Any CPU
		{37990192-8163-FFFE-C15A-A18209FB1123}.Debug|Any CPU.Build.0 = Debug|Any CPU
		{37990192-8163-FFFE-C15A-A18209FB1123}.Release|Any CPU.ActiveCfg = Release|Any CPU
		{37990192-8163-FFFE-C15A-A18209FB1123}.Release|Any CPU.Build.0 = Release|Any CPU
		{471CDFAB-B173-C7EB-0F42-E8DE76E3DA31}.Debug|Any CPU.ActiveCfg = Debug|Any CPU
		{471CDFAB-B173-C7EB-0F42-E8DE76E3DA31}.Debug|Any CPU.Build.0 = Debug|Any CPU
		{471CDFAB-B173-C7EB-0F42-E8DE76E3DA31}.Release|Any CPU.ActiveCfg = Release|Any CPU
		{471CDFAB-B173-C7EB-0F42-E8DE76E3DA31}.Release|Any CPU.Build.0 = Release|Any CPU
		{BD25CAC8-2227-EBCC-2DB8-758BA64023E7}.Debug|Any CPU.ActiveCfg = Debug|Any CPU
		{BD25CAC8-2227-EBCC-2DB8-758BA64023E7}.Debug|Any CPU.Build.0 = Debug|Any CPU
		{BD25CAC8-2227-EBCC-2DB8-758BA64023E7}.Release|Any CPU.ActiveCfg = Release|Any CPU
		{BD25CAC8-2227-EBCC-2DB8-758BA64023E7}.Release|Any CPU.Build.0 = Release|Any CPU
		{028B9C01-B453-938A-4224-5DCFA56A1D7F}.Debug|Any CPU.ActiveCfg = Debug|Any CPU
		{028B9C01-B453-938A-4224-5DCFA56A1D7F}.Debug|Any CPU.Build.0 = Debug|Any CPU
		{028B9C01-B453-938A-4224-5DCFA56A1D7F}.Release|Any CPU.ActiveCfg = Release|Any CPU
		{028B9C01-B453-938A-4224-5DCFA56A1D7F}.Release|Any CPU.Build.0 = Release|Any CPU
		{8BAB57D8-D22B-1065-DDC2-3AB9272ECFCC}.Debug|Any CPU.ActiveCfg = Debug|Any CPU
		{8BAB57D8-D22B-1065-DDC2-3AB9272ECFCC}.Debug|Any CPU.Build.0 = Debug|Any CPU
		{8BAB57D8-D22B-1065-DDC2-3AB9272ECFCC}.Release|Any CPU.ActiveCfg = Release|Any CPU
		{8BAB57D8-D22B-1065-DDC2-3AB9272ECFCC}.Release|Any CPU.Build.0 = Release|Any CPU
		{F7C62EF6-5712-0694-5843-5878FACD68DD}.Debug|Any CPU.ActiveCfg = Debug|Any CPU
		{F7C62EF6-5712-0694-5843-5878FACD68DD}.Debug|Any CPU.Build.0 = Debug|Any CPU
		{F7C62EF6-5712-0694-5843-5878FACD68DD}.Release|Any CPU.ActiveCfg = Release|Any CPU
		{F7C62EF6-5712-0694-5843-5878FACD68DD}.Release|Any CPU.Build.0 = Release|Any CPU
	EndGlobalSection
	GlobalSection(SolutionProperties) = preSolution
		HideSolutionNode = FALSE
	EndGlobalSection
EndGlobal
